{
  "requires": true,
  "lockfileVersion": 1,
  "dependencies": {
    "@ng-bootstrap/ng-bootstrap": {
      "version": "1.1.1",
      "resolved": "https://registry.npmjs.org/@ng-bootstrap/ng-bootstrap/-/ng-bootstrap-1.1.1.tgz",
      "integrity": "sha512-YQESBcqPF2a/hsUIQso24ybMudWEzVvD2FWiYBN+Us6o9JmjJgO7WEpDMHGC/yX6X1QH6/CZ81xe9ydWUlqEig=="
    },
    "bootstrap": {
      "version": "3.3.7",
      "resolved": "https://registry.npmjs.org/bootstrap/-/bootstrap-3.3.7.tgz",
      "integrity": "sha1-WjiTlFSfIzMIdaOxUGVldPip63E="
    }
  }
}
